
Microsoft Visual Studio Solution File, Format Version 12.00
# Visual Studio 14
VisualStudioVersion = 14.0.25420.1
MinimumVisualStudioVersion = 10.0.40219.1
Project("{FAE04EC0-301F-11D3-BF4B-00C04F79EFBC}") = "lab1prus", "lab1prus\lab1prus.csproj", "{C5D79FD6-3D4A-435F-BA2F-94F6B759C041}"
EndProject
Global
	GlobalSection(SolutionConfigurationPlatforms) = preSolution
		Debug|Any CPU = Debug|Any CPU
		Release|Any CPU = Release|Any CPU
	EndGlobalSection
	GlobalSection(ProjectConfigurationPlatforms) = postSolution
		{C5D79FD6-3D4A-435F-BA2F-94F6B759C041}.Debug|Any CPU.ActiveCfg = Debug|Any CPU
		{C5D79FD6-3D4A-435F-BA2F-94F6B759C041}.Debug|Any CPU.Build.0 = Debug|Any CPU
		{C5D79FD6-3D4A-435F-BA2F-94F6B759C041}.Release|Any CPU.ActiveCfg = Release|Any CPU
		{C5D79FD6-3D4A-435F-BA2F-94F6B759C041}.Release|Any CPU.Build.0 = Release|Any CPU
	EndGlobalSection
	GlobalSection(SolutionProperties) = preSolution
		HideSolutionNode = FALSE
	EndGlobalSection
EndGlobal
